
Microsoft Visual Studio Solution File, Format Version 12.00
# Visual Studio Version 17
VisualStudioVersion = 17.0.31912.275
MinimumVisualStudioVersion = 10.0.40219.1
Project("{FAE04EC0-301F-11D3-BF4B-00C04F79EFBC}") = "ServicioRest", "ServicioRest\ServicioRest.csproj", "{392AAE97-FE23-4FD6-87ED-85F86DA8CD98}"
EndProject
Project("{FAE04EC0-301F-11D3-BF4B-00C04F79EFBC}") = "Logica", "Logica\Logica.csproj", "{6E539055-31DC-4D23-94C6-603A40A34032}"
EndProject
Project("{FAE04EC0-301F-11D3-BF4B-00C04F79EFBC}") = "Entidades", "Entidades\Entidades.csproj", "{696DC4A6-8854-4E0D-AD4A-4962BC4D6C33}"
EndProject
Global
	GlobalSection(SolutionConfigurationPlatforms) = preSolution
		Debug|Any CPU = Debug|Any CPU
		Release|Any CPU = Release|Any CPU
	EndGlobalSection
	GlobalSection(ProjectConfigurationPlatforms) = postSolution
		{392AAE97-FE23-4FD6-87ED-85F86DA8CD98}.Debug|Any CPU.ActiveCfg = Debug|Any CPU
		{392AAE97-FE23-4FD6-87ED-85F86DA8CD98}.Debug|Any CPU.Build.0 = Debug|Any CPU
		{392AAE97-FE23-4FD6-87ED-85F86DA8CD98}.Release|Any CPU.ActiveCfg = Release|Any CPU
		{392AAE97-FE23-4FD6-87ED-85F86DA8CD98}.Release|Any CPU.Build.0 = Release|Any CPU
		{6E539055-31DC-4D23-94C6-603A40A34032}.Debug|Any CPU.ActiveCfg = Debug|Any CPU
		{6E539055-31DC-4D23-94C6-603A40A34032}.Debug|Any CPU.Build.0 = Debug|Any CPU
		{6E539055-31DC-4D23-94C6-603A40A34032}.Release|Any CPU.ActiveCfg = Release|Any CPU
		{6E539055-31DC-4D23-94C6-603A40A34032}.Release|Any CPU.Build.0 = Release|Any CPU
		{696DC4A6-8854-4E0D-AD4A-4962BC4D6C33}.Debug|Any CPU.ActiveCfg = Debug|Any CPU
		{696DC4A6-8854-4E0D-AD4A-4962BC4D6C33}.Debug|Any CPU.Build.0 = Debug|Any CPU
		{696DC4A6-8854-4E0D-AD4A-4962BC4D6C33}.Release|Any CPU.ActiveCfg = Release|Any CPU
		{696DC4A6-8854-4E0D-AD4A-4962BC4D6C33}.Release|Any CPU.Build.0 = Release|Any CPU
	EndGlobalSection
	GlobalSection(SolutionProperties) = preSolution
		HideSolutionNode = FALSE
	EndGlobalSection
	GlobalSection(ExtensibilityGlobals) = postSolution
		SolutionGuid = {FB99EFB5-EECC-421B-90E0-44691E3B13BE}
	EndGlobalSection
EndGlobal
